version = 1
revision = 3
requires-python = "==3.12.*"

[[package]]
name = "colorama"
version = "0.4.6"
source = { registry = "https://pypi.org/simple" }
sdist = { url = "https://files.pythonhosted.org/packages/d8/53/6f443c9a4a8358a93a6792e2acffb9d9d5cb0a5cfd8802644b7b1c9a02e4/colorama-0.4.6.tar.gz", hash = "sha256:08695f5cb7ed6e0531a20572697297273c47b8cae5a63ffc6d6ed5c201be6e44", size = 27697, upload-time = "2022-10-25T02:36:22.414Z" }
wheels = [
    { url = "https://files.pythonhosted.org/packages/d1/d6/3965ed04c63042e047cb6a3e6ed1a63a35087b6a609aa3a15ed8ac56c221/colorama-0.4.6-py2.py3-none-any.whl", hash = "sha256:4f1d9991f5acc0ca119f9d443620b77f9d6b33703e51011c16baf57afb285fc6", size = 25335, upload-time = "2022-10-25T02:36:20.889Z" },
]

[[package]]
name = "docopt-ng"
version = "0.9.0"
source = { registry = "https://pypi.org/simple" }
sdist = { url = "https://files.pythonhosted.org/packages/e4/50/8d6806cf13138127692ae6ff79ddeb4e25eb3b0bcc3c1bd033e7e04531a9/docopt_ng-0.9.0.tar.gz", hash = "sha256:91c6da10b5bb6f2e9e25345829fb8278c78af019f6fc40887ad49b060483b1d7", size = 32264, upload-time = "2023-05-30T20:46:25.064Z" }
wheels = [
    { url = "https://files.pythonhosted.org/packages/6c/4a/c3b77fc1a24510b08918b43a473410c0168f6e657118807015f1f1edceea/docopt_ng-0.9.0-py3-none-any.whl", hash = "sha256:bfe4c8b03f9fca424c24ee0b4ffa84bf7391cb18c29ce0f6a8227a3b01b81ff9", size = 16689, upload-time = "2023-05-30T20:46:45.294Z" },
]

[[package]]
name = "five-minute-orders-dev"
version = "0.0.1"
source = { virtual = "." }

[package.dev-dependencies]
dev = [
    { name = "gdtoolkit" },
]

[package.metadata]

[package.metadata.requires-dev]
dev = [{ name = "gdtoolkit", specifier = "==4.5.0" }]

[[package]]
name = "gdtoolkit"
version = "4.5.0"
source = { registry = "https://pypi.org/simple" }
dependencies = [
    { name = "docopt-ng" },
    { name = "lark", extra = ["regex"] },
    { name = "pyyaml" },
    { name = "radon" },
    { name = "setuptools" },
]
sdist = { url = "https://files.pythonhosted.org/packages/de/39/041c1705dba6450c67e23be0c70d0fcff035e7d240b6695fc59efd8dafb6/gdtoolkit-4.5.0.tar.gz", hash = "sha256:1ab17fb5400d86e4ae66d9c94992f4e3a9b6c27d618d4094782e66101efb3e9a", size = 49728, upload-time = "2025-10-09T14:23:29.145Z" }
wheels = [
    { url = "https://files.pythonhosted.org/packages/36/fe/afcf23a58b3e20897484b546d86741a7ea0d8cf57ae616c1677482b47f61/gdtoolkit-4.5.0-py3-none-any.whl", hash = "sha256:f25c5bf7f7fe861e1127164c5d73e0a7fb204ec74cf05d375b76a5dcf8610cdb", size = 62698, upload-time = "2025-10-09T14:23:28.284Z" },
]

[[package]]
name = "lark"
version = "1.2.2"
source = { registry = "https://pypi.org/simple" }
sdist = { url = "https://files.pythonhosted.org/packages/af/60/bc7622aefb2aee1c0b4ba23c1446d3e30225c8770b38d7aedbfb65ca9d5a/lark-1.2.2.tar.gz", hash = "sha256:ca807d0162cd16cef15a8feecb862d7319e7a09bdb13aef927968e45040fed80", size = 252132, upload-time = "2024-08-13T19:49:00.652Z" }
wheels = [
    { url = "https://files.pythonhosted.org/packages/2d/00/d90b10b962b4277f5e64a78b6609968859ff86889f5b898c1a778c06ec00/lark-1.2.2-py3-none-any.whl", hash = "sha256:c2276486b02f0f1b90be155f2c8ba4a8e194d42775786db622faccd652d8e80c", size = 111036, upload-time = "2024-08-13T19:48:58.603Z" },
]

[package.optional-dependencies]
regex = [
    { name = "regex" },
]

[[package]]
name = "mando"
version = "0.7.1"
source = { registry = "https://pypi.org/simple" }
dependencies = [
    { name = "six" },
]
sdist = { url = "https://files.pythonhosted.org/packages/35/24/cd70d5ae6d35962be752feccb7dca80b5e0c2d450e995b16abd6275f3296/mando-0.7.1.tar.gz", hash = "sha256:18baa999b4b613faefb00eac4efadcf14f510b59b924b66e08289aa1de8c3500", size = 37868, upload-time = "2022-02-24T08:12:27.316Z" }
wheels = [
    { url = "https://files.pythonhosted.org/packages/d2/f0/834e479e47e499b6478e807fb57b31cc2db696c4db30557bb6f5aea4a90b/mando-0.7.1-py2.py3-none-any.whl", hash = "sha256:26ef1d70928b6057ee3ca12583d73c63e05c49de8972d620c278a7b206581a8a", size = 28149, upload-time = "2022-02-24T08:12:25.24Z" },
]

[[package]]
name = "pyyaml"
version = "6.0.3"
source = { registry = "https://pypi.org/simple" }
sdist = { url = "https://files.pythonhosted.org/packages/05/8e/961c0007c59b8dd7729d542c61a4d537767a59645b82a0b521206e1e25c2/pyyaml-6.0.3.tar.gz", hash = "sha256:d76623373421df22fb4cf8817020cbb7ef15c725b9d5e45f17e189bfc384190f", size = 130960, upload-time = "2025-09-25T21:33:16.546Z" }
wheels = [
    { url = "https://files.pythonhosted.org/packages/d1/33/422b98d2195232ca1826284a76852ad5a86fe23e31b009c9886b2d0fb8b2/pyyaml-6.0.3-cp312-cp312-macosx_10_13_x86_64.whl", hash = "sha256:7f047e29dcae44602496db43be01ad42fc6f1cc0d8cd6c83d342306c32270196", size = 182063, upload-time = "2025-09-25T21:32:11.445Z" },
    { url = "https://files.pythonhosted.org/packages/89/a0/6cf41a19a1f2f3feab0e9c0b74134aa2ce6849093d5517a0c550fe37a648/pyyaml-6.0.3-cp312-cp312-macosx_11_0_arm64.whl", hash = "sha256:fc09d0aa354569bc501d4e787133afc08552722d3ab34836a80547331bb5d4a0", size = 173973, upload-time = "2025-09-25T21:32:12.492Z" },
    { url = "https://files.pythonhosted.org/packages/ed/23/7a778b6bd0b9a8039df8b1b1d80e2e2ad78aa04171592c8a5c43a56a6af4/pyyaml-6.0.3-cp312-cp312-manylinux2014_aarch64.manylinux_2_17_aarch64.manylinux_2_28_aarch64.whl", hash = "sha256:9149cad251584d5fb4981be1ecde53a1ca46c891a79788c0df828d2f166bda28", size = 775116, upload-time = "2025-09-25T21:32:13.652Z" },
    { url = "https://files.pythonhosted.org/packages/65/30/d7353c338e12baef4ecc1b09e877c1970bd3382789c159b4f89d6a70dc09/pyyaml-6.0.3-cp312-cp312-manylinux2014_s390x.manylinux_2_17_s390x.manylinux_2_28_s390x.whl", hash = "sha256:5fdec68f91a0c6739b380c83b951e2c72ac0197ace422360e6d5a959d8d97b2c", size = 844011, upload-time = "2025-09-25T21:32:15.21Z" },
    { url = "https://files.pythonhosted.org/packages/8b/9d/b3589d3877982d4f2329302ef98a8026e7f4443c765c46cfecc8858c6b4b/pyyaml-6.0.3-cp312-cp312-manylinux2014_x86_64.manylinux_2_17_x86_64.manylinux_2_28_x86_64.whl", hash = "sha256:ba1cc08a7ccde2d2ec775841541641e4548226580ab850948cbfda66a1befcdc", size = 807870, upload-time = "2025-09-25T21:32:16.431Z" },
    { url = "https://files.pythonhosted.org/packages/05/c0/b3be26a015601b822b97d9149ff8cb5ead58c66f981e04fedf4e762f4bd4/pyyaml-6.0.3-cp312-cp312-musllinux_1_2_aarch64.whl", hash = "sha256:8dc52c23056b9ddd46818a57b78404882310fb473d63f17b07d5c40421e47f8e", size = 761089, upload-time = "2025-09-25T21:32:17.56Z" },
    { url = "https://files.pythonhosted.org/packages/be/8e/98435a21d1d4b46590d5459a22d88128103f8da4c2d4cb8f14f2a96504e1/pyyaml-6.0.3-cp312-cp312-musllinux_1_2_x86_64.whl", hash = "sha256:41715c910c881bc081f1e8872880d3c650acf13dfa8214bad49ed4cede7c34ea", size = 790181, upload-time = "2025-09-25T21:32:18.834Z" },
    { url = "https://files.pythonhosted.org/packages/74/93/7baea19427dcfbe1e5a372d81473250b379f04b1bd3c4c5ff825e2327202/pyyaml-6.0.3-cp312-cp312-win32.whl", hash = "sha256:96b533f0e99f6579b3d4d4995707cf36df9100d67e0c8303a0c55b27b5f99bc5", size = 137658, upload-time = "2025-09-25T21:32:20.209Z" },
    { url = "https://files.pythonhosted.org/packages/86/bf/899e81e4cce32febab4fb42bb97dcdf66bc135272882d1987881a4b519e9/pyyaml-6.0.3-cp312-cp312-win_amd64.whl", hash = "sha256:5fcd34e47f6e0b794d17de1b4ff496c00986e1c83f7ab2fb8fcfe9616ff7477b", size = 154003, upload-time = "2025-09-25T21:32:21.167Z" },
    { url = "https://files.pythonhosted.org/packages/1a/08/67bd04656199bbb51dbed1439b7f27601dfb576fb864099c7ef0c3e55531/pyyaml-6.0.3-cp312-cp312-win_arm64.whl", hash = "sha256:64386e5e707d03a7e172c0701abfb7e10f0fb753ee1d773128192742712a98fd", size = 140344, upload-time = "2025-09-25T21:32:22.617Z" },
]

[[package]]
name = "radon"
version = "6.0.1"
source = { registry = "https://pypi.org/simple" }
dependencies = [
    { name = "colorama" },
    { name = "mando" },
]
sdist = { url = "https://files.pythonhosted.org/packages/b1/6d/98e61600febf6bd929cf04154537c39dc577ce414bafbfc24a286c4fa76d/radon-6.0.1.tar.gz", hash = "sha256:d1ac0053943a893878940fedc8b19ace70386fc9c9bf0a09229a44125ebf45b5", size = 1874992, upload-time = "2023-03-26T06:24:38.868Z" }
wheels = [
    { url = "https://files.pythonhosted.org/packages/93/f7/d00d9b4a0313a6be3a3e0818e6375e15da6d7076f4ae47d1324e7ca986a1/radon-6.0.1-py2.py3-none-any.whl", hash = "sha256:632cc032364a6f8bb1010a2f6a12d0f14bc7e5ede76585ef29dc0cecf4cd8859", size = 52784, upload-time = "2023-03-26T06:24:33.949Z" },
]

[[package]]
name = "regex"
version = "2026.9.3"
source = { registry = "https://pypi.org/simple" }
sdist = { url = "https://files.pythonhosted.org/packages/19/c1/6b30b775c7bcc6cf6506a4d4741c2123e8d99cd50f3fe8cbd731f5fef526/regex-2026.9.3.tar.gz", hash = "sha256:aabd43208e335f4c3f0b56de3464b066dd425983a58f6eeb5738bcd7465403db", size = 416720, upload-time = "2026-09-01T00:53:43.821Z" }
wheels = [
    { url = "https://files.pythonhosted.org/packages/da/cb/cba530bc3b068fc337f8f455c63ef5ee91a4eb4c76ecf5998e5cef5aaa6b/regex-2026.9.3-cp312-cp312-macosx_10_13_universal2.whl", hash = "sha256:5db80d0b1c8238940b5957dd66b5c818ea40a221f6652fb717c027a562d09c77", size = 496699, upload-time = "2026-09-01T00:50:27.98Z" },
    { url = "https://files.pythonhosted.org/packages/81/39/f2e9fb6bbbc80f8bf67ad79d7e2e8866f7837d7c24c692f7faf8f1272e7e/regex-2026.9.3-cp312-cp312-macosx_10_13_x86_64.whl", hash = "sha256:35d48ce3dee087b63b15cd0a7a3110d0a76c29edbe1f2ad0520b8c4adb7cb596", size = 297018, upload-time = "2026-09-01T00:50:29.487Z" },
    { url = "https://files.pythonhosted.org/packages/a1/b6/c16ee58840baf7659def27ef6f62f3d9a9909670d3c1b4b98bb8b8ee47e2/regex-2026.9.3-cp312-cp312-macosx_11_0_arm64.whl", hash = "sha256:1f22e0d21ae7016c77175c139a7fca465b988efc1280df4816c79752068d9e2e", size = 292008, upload-time = "2026-09-01T00:50:30.929Z" },
    { url = "https://files.pythonhosted.org/packages/cb/b4/4987bf0f17604669b4ea5aef219886d0a73188c4716ff3a7d275d4d15c15/regex-2026.9.3-cp312-cp312-manylinux2014_aarch64.manylinux_2_17_aarch64.manylinux_2_28_aarch64.whl", hash = "sha256:233662cf8cfdfe3c0e58aa8f7bbefc579b5be0ac34546f123c159804179e8687", size = 796101, upload-time = "2026-09-01T00:50:32.486Z" },
    { url = "https://files.pythonhosted.org/packages/0b/95/2a9ab02a68c8a61dc0b4882ed643b1a95740d9dc291dc26c77d19af79691/regex-2026.9.3-cp312-cp312-manylinux2014_ppc64le.manylinux_2_17_ppc64le.manylinux_2_28_ppc64le.whl", hash = "sha256:7d2eed2e4d231278a2ccab3f4bfa2c1e39855f336475f7756a281d767d2b1753", size = 865435, upload-time = "2026-09-01T00:50:34.171Z" },
    { url = "https://files.pythonhosted.org/packages/04/92/0570d41559b446c97c1148cb9ebc1df09f2949b03c7c9bfee09976b3465f/regex-2026.9.3-cp312-cp312-manylinux2014_s390x.manylinux_2_17_s390x.manylinux_2_28_s390x.whl", hash = "sha256:5e674cecb61cb160be392da07fd8a71509ef927f437fbf3215432692ed385151", size = 911828, upload-time = "2026-09-01T00:50:35.72Z" },
    { url = "https://files.pythonhosted.org/packages/4b/8b/9cc6d4123033f7cb82df6cd8ce19eb0fc18a964afe060a03c9b26757c9f3/regex-2026.9.3-cp312-cp312-manylinux2014_x86_64.manylinux_2_17_x86_64.manylinux_2_28_x86_64.whl", hash = "sha256:665207e41bacd435db001099eeab44103197c2c1a729d73ade74688a905ed4ce", size = 801965, upload-time = "2026-09-01T00:50:37.701Z" },
    { url = "https://files.pythonhosted.org/packages/c9/98/39262e91aa87a67c82cbe90a0df4c3d382c7a44811fe80067904085211b4/regex-2026.9.3-cp312-cp312-manylinux_2_31_riscv64.manylinux_2_39_riscv64.whl", hash = "sha256:7a7ddc9a8ca1795166a1ca80364b8ce74187fc210e112d3fb048b711b934f36c", size = 776192, upload-time = "2026-09-01T00:50:39.57Z" },
    { url = "https://files.pythonhosted.org/packages/24/e9/3bb93fe4ee4b6f8ce7ba69b527c4a63cfa3393fc425ab26486041fe441c8/regex-2026.9.3-cp312-cp312-musllinux_1_2_aarch64.whl", hash = "sha256:e3037d02425863ce9501afbaa04ba967162810004bacde39a53ea9a5b740eb32", size = 785053, upload-time = "2026-09-01T00:50:41.156Z" },
    { url = "https://files.pythonhosted.org/packages/f9/05/31d5bc2553a700c0dfc6b5b6a13c61cdcd1210fde1e304cfa18a33f138b2/regex-2026.9.3-cp312-cp312-musllinux_1_2_ppc64le.whl", hash = "sha256:3de4eab8c763393b75bbb26f81934ab2cc8794f48f79e90622e3ab7ea57f3d14", size = 860546, upload-time = "2026-09-01T00:50:42.746Z" },
    { url = "https://files.pythonhosted.org/packages/65/a3/2e1e854d80becda0f061093805bbfc037a5849448f46d0a2b71a070d45e2/regex-2026.9.3-cp312-cp312-musllinux_1_2_riscv64.whl", hash = "sha256:98620c9c4c22568ad70f57b80527c780b6f8fd26e36507bf8e2273262a228275", size = 765841, upload-time = "2026-09-01T00:50:44.5Z" },
    { url = "https://files.pythonhosted.org/packages/6a/d6/43d02948cedde2e8476ac893ea02755ee5ee1b21c531fda92d80e114f0bc/regex-2026.9.3-cp312-cp312-musllinux_1_2_s390x.whl", hash = "sha256:0b1ba3aaaf5776de473ee16625ac60ac195abb0343afb273575a8201d99be089", size = 852147, upload-time = "2026-09-01T00:50:46.474Z" },
    { url = "https://files.pythonhosted.org/packages/21/ff/adb4e2d08afe8f4c6df004d94604257e1f72af7ba328af7715601585aba4/regex-2026.9.3-cp312-cp312-musllinux_1_2_x86_64.whl", hash = "sha256:56d8659c65166641d8f1b5efccc391c62c8a899eff4d528b981cc62b7b402a4b", size = 789761, upload-time = "2026-09-01T00:50:48.749Z" },
    { url = "https://files.pythonhosted.org/packages/c3/e1/1490d1351758e87f6e702cf2025036bdc7bc59182e2ff5c7bec004b19aed/regex-2026.9.3-cp312-cp312-win32.whl", hash = "sha256:837c1859913798d8bebcd98d4a037e113f8d79e81733009bf590e449769eecb3", size = 267150, upload-time = "2026-09-01T00:50:50.414Z" },
    { url = "https://files.pythonhosted.org/packages/d5/49/4c40cf722d84d60e807a08ef4c3f579216bf97df60c4a1b10be49655d302/regex-2026.9.3-cp312-cp312-win_amd64.whl", hash = "sha256:1ba1dbbb93c5c5629c1861763aec5bfa9f05ad24ef450694130e25029ce7bc36", size = 277773, upload-time = "2026-09-01T00:50:51.963Z" },
    { url = "https://files.pythonhosted.org/packages/aa/af/c48b3b2b4244b4b090554c78d3387e9ae7b859f3dbf7148a27d427e9e5b8/regex-2026.9.3-cp312-cp312-win_arm64.whl", hash = "sha256:d7b3a8a4bbd83ad8b29758f5d24bab10a3f2de87970db36f1e3651c733353136", size = 277122, upload-time = "2026-09-01T00:50:53.778Z" },
]

[[package]]
name = "setuptools"
version = "84.0.0"
source = { registry = "https://pypi.org/simple" }
sdist = { url = "https://files.pythonhosted.org/packages/6d/44/f5da03a8ef95d369145c5bb53050e7877c9f3d312e128605fd9504829143/setuptools-84.0.0.tar.gz", hash = "sha256:f4695c21257f0d9b537ec2692c941d02ee143b7cc1276941349a546573b2ef73", size = 1168449, upload-time = "2026-08-08T18:27:58.365Z" }
wheels = [
    { url = "https://files.pythonhosted.org/packages/95/9c/c510029fc6ef33a6275cd2c5d3cecd6613dfd6aa401d57c54f1c18852ccf/setuptools-84.0.0-py3-none-any.whl", hash = "sha256:51a52592b3b99e102b609654876bd65f19f999935166d1352678931132b0c670", size = 818216, upload-time = "2026-08-08T18:27:56.719Z" },
]

[[package]]
name = "six"
version = "1.17.0"
source = { registry = "https://pypi.org/simple" }
sdist = { url = "https://files.pythonhosted.org/packages/94/e7/b2c673351809dca68a0e064b6af791aa332cf192da575fd474ed7d6f16a2/six-1.17.0.tar.gz", hash = "sha256:ff70335d468e7eb6ec65b95b99d3a2836546063f63acc5171de367e834932a81", size = 34031, upload-time = "2024-12-04T17:35:28.174Z" }
wheels = [
    { url = "https://files.pythonhosted.org/packages/b7/ce/149a00dd41f10bc29e5921b496af8b574d8413afcd5e30dfa0ed46c2cc5e/six-1.17.0-py2.py3-none-any.whl", hash = "sha256:4721f391ed90541fddacab5acf947aa0d3dc7d27b2e1e8eda2be8970586c3274", size = 11050, upload-time = "2024-12-04T17:35:26.475Z" },
]
